
Microsoft Visual Studio Solution File, Format Version 12.00
# Visual Studio Version 17
VisualStudioVersion = 17.0.31903.59
MinimumVisualStudioVersion = 10.0.40219.1
Project("{FAE04EC0-301F-11D3-BF4B-00C04F79EFBC}") = "MotoTrust.Domain", "MotoTrust.Domain\MotoTrust.Domain.csproj", "{3386EA1E-D691-454C-982A-95F84FC33337}"
EndProject
Project("{FAE04EC0-301F-11D3-BF4B-00C04F79EFBC}") = "MotoTrust.Application", "MotoTrust.Application\MotoTrust.Application.csproj", "{E257D786-D3DC-4D37-A65A-1B53AF3D010C}"
EndProject
Project("{FAE04EC0-301F-11D3-BF4B-00C04F79EFBC}") = "MotoTrust.Infrastructure", "MotoTrust.Infrastructure\MotoTrust.Infrastructure.csproj", "{7616DF64-965D-462E-826D-8E893B10B398}"
EndProject
Project("{FAE04EC0-301F-11D3-BF4B-00C04F79EFBC}") = "MotoTrust.API", "MotoTrust.API\MotoTrust.API.csproj", "{252B3CD7-0D14-4FF3-8C23-E0AB56FF4DA8}"
EndProject
Project("{FAE04EC0-301F-11D3-BF4B-00C04F79EFBC}") = "MotoTrust.Tests", "MotoTrust.Tests\MotoTrust.Tests.csproj", "{C487B380-9163-475F-8012-90A713920484}"
EndProject
Global
	GlobalSection(SolutionConfigurationPlatforms) = preSolution
		Debug|Any CPU = Debug|Any CPU
		Debug|x64 = Debug|x64
		Debug|x86 = Debug|x86
		Release|Any CPU = Release|Any CPU
		Release|x64 = Release|x64
		Release|x86 = Release|x86
	EndGlobalSection
	GlobalSection(ProjectConfigurationPlatforms) = postSolution
		{3386EA1E-D691-454C-982A-95F84FC33337}.Debug|Any CPU.ActiveCfg = Debug|Any CPU
		{3386EA1E-D691-454C-982A-95F84FC33337}.Debug|Any CPU.Build.0 = Debug|Any CPU
		{3386EA1E-D691-454C-982A-95F84FC33337}.Debug|x64.ActiveCfg = Debug|Any CPU
		{3386EA1E-D691-454C-982A-95F84FC33337}.Debug|x64.Build.0 = Debug|Any CPU
		{3386EA1E-D691-454C-982A-95F84FC33337}.Debug|x86.ActiveCfg = Debug|Any CPU
		{3386EA1E-D691-454C-982A-95F84FC33337}.Debug|x86.Build.0 = Debug|Any CPU
		{3386EA1E-D691-454C-982A-95F84FC33337}.Release|Any CPU.ActiveCfg = Release|Any CPU
		{3386EA1E-D691-454C-982A-95F84FC33337}.Release|Any CPU.Build.0 = Release|Any CPU
		{3386EA1E-D691-454C-982A-95F84FC33337}.Release|x64.ActiveCfg = Release|Any CPU
		{3386EA1E-D691-454C-982A-95F84FC33337}.Release|x64.Build.0 = Release|Any CPU
		{3386EA1E-D691-454C-982A-95F84FC33337}.Release|x86.ActiveCfg = Release|Any CPU
		{3386EA1E-D691-454C-982A-95F84FC33337}.Release|x86.Build.0 = Release|Any CPU
		{E257D786-D3DC-4D37-A65A-1B53AF3D010C}.Debug|Any CPU.ActiveCfg = Debug|Any CPU
		{E257D786-D3DC-4D37-A65A-1B53AF3D010C}.Debug|Any CPU.Build.0 = Debug|Any CPU
		{E257D786-D3DC-4D37-A65A-1B53AF3D010C}.Debug|x64.ActiveCfg = Debug|Any CPU
		{E257D786-D3DC-4D37-A65A-1B53AF3D010C}.Debug|x64.Build.0 = Debug|Any CPU
		{E257D786-D3DC-4D37-A65A-1B53AF3D010C}.Debug|x86.ActiveCfg = Debug|Any CPU
		{E257D786-D3DC-4D37-A65A-1B53AF3D010C}.Debug|x86.Build.0 = Debug|Any CPU
		{E257D786-D3DC-4D37-A65A-1B53AF3D010C}.Release|Any CPU.ActiveCfg = Release|Any CPU
		{E257D786-D3DC-4D37-A65A-1B53AF3D010C}.Release|Any CPU.Build.0 = Release|Any CPU
		{E257D786-D3DC-4D37-A65A-1B53AF3D010C}.Release|x64.ActiveCfg = Release|Any CPU
		{E257D786-D3DC-4D37-A65A-1B53AF3D010C}.Release|x64.Build.0 = Release|Any CPU
		{E257D786-D3DC-4D37-A65A-1B53AF3D010C}.Release|x86.ActiveCfg = Release|Any CPU
		{E257D786-D3DC-4D37-A65A-1B53AF3D010C}.Release|x86.Build.0 = Release|Any CPU
		{7616DF64-965D-462E-826D-8E893B10B398}.Debug|Any CPU.ActiveCfg = Debug|Any CPU
		{7616DF64-965D-462E-826D-8E893B10B398}.Debug|Any CPU.Build.0 = Debug|Any CPU
		{7616DF64-965D-462E-826D-8E893B10B398}.Debug|x64.ActiveCfg = Debug|Any CPU
		{7616DF64-965D-462E-826D-8E893B10B398}.Debug|x64.Build.0 = Debug|Any CPU
		{7616DF64-965D-462E-826D-8E893B10B398}.Debug|x86.ActiveCfg = Debug|Any CPU
		{7616DF64-965D-462E-826D-8E893B10B398}.Debug|x86.Build.0 = Debug|Any CPU
		{7616DF64-965D-462E-826D-8E893B10B398}.Release|Any CPU.ActiveCfg = Release|Any CPU
		{7616DF64-965D-462E-826D-8E893B10B398}.Release|Any CPU.Build.0 = Release|Any CPU
		{7616DF64-965D-462E-826D-8E893B10B398}.Release|x64.ActiveCfg = Release|Any CPU
		{7616DF64-965D-462E-826D-8E893B10B398}.Release|x64.Build.0 = Release|Any CPU
		{7616DF64-965D-462E-826D-8E893B10B398}.Release|x86.ActiveCfg = Release|Any CPU
		{7616DF64-965D-462E-826D-8E893B10B398}.Release|x86.Build.0 = Release|Any CPU
		{252B3CD7-0D14-4FF3-8C23-E0AB56FF4DA8}.Debug|Any CPU.ActiveCfg = Debug|Any CPU
		{252B3CD7-0D14-4FF3-8C23-E0AB56FF4DA8}.Debug|Any CPU.Build.0 = Debug|Any CPU
		{252B3CD7-0D14-4FF3-8C23-E0AB56FF4DA8}.Debug|x64.ActiveCfg = Debug|Any CPU
		{252B3CD7-0D14-4FF3-8C23-E0AB56FF4DA8}.Debug|x64.Build.0 = Debug|Any CPU
		{252B3CD7-0D14-4FF3-8C23-E0AB56FF4DA8}.Debug|x86.ActiveCfg = Debug|Any CPU
		{252B3CD7-0D14-4FF3-8C23-E0AB56FF4DA8}.Debug|x86.Build.0 = Debug|Any CPU
		{252B3CD7-0D14-4FF3-8C23-E0AB56FF4DA8}.Release|Any CPU.ActiveCfg = Release|Any CPU
		{252B3CD7-0D14-4FF3-8C23-E0AB56FF4DA8}.Release|Any CPU.Build.0 = Release|Any CPU
		{252B3CD7-0D14-4FF3-8C23-E0AB56FF4DA8}.Release|x64.ActiveCfg = Release|Any CPU
		{252B3CD7-0D14-4FF3-8C23-E0AB56FF4DA8}.Release|x64.Build.0 = Release|Any CPU
		{252B3CD7-0D14-4FF3-8C23-E0AB56FF4DA8}.Release|x86.ActiveCfg = Release|Any CPU
		{252B3CD7-0D14-4FF3-8C23-E0AB56FF4DA8}.Release|x86.Build.0 = Release|Any CPU
		{C487B380-9163-475F-8012-90A713920484}.Debug|Any CPU.ActiveCfg = Debug|Any CPU
		{C487B380-9163-475F-8012-90A713920484}.Debug|Any CPU.Build.0 = Debug|Any CPU
		{C487B380-9163-475F-8012-90A713920484}.Debug|x64.ActiveCfg = Debug|Any CPU
		{C487B380-9163-475F-8012-90A713920484}.Debug|x64.Build.0 = Debug|Any CPU
		{C487B380-9163-475F-8012-90A713920484}.Debug|x86.ActiveCfg = Debug|Any CPU
		{C487B380-9163-475F-8012-90A713920484}.Debug|x86.Build.0 = Debug|Any CPU
		{C487B380-9163-475F-8012-90A713920484}.Release|Any CPU.ActiveCfg = Release|Any CPU
		{C487B380-9163-475F-8012-90A713920484}.Release|Any CPU.Build.0 = Release|Any CPU
		{C487B380-9163-475F-8012-90A713920484}.Release|x64.ActiveCfg = Release|Any CPU
		{C487B380-9163-475F-8012-90A713920484}.Release|x64.Build.0 = Release|Any CPU
		{C487B380-9163-475F-8012-90A713920484}.Release|x86.ActiveCfg = Release|Any CPU
		{C487B380-9163-475F-8012-90A713920484}.Release|x86.Build.0 = Release|Any CPU
	EndGlobalSection
	GlobalSection(SolutionProperties) = preSolution
		HideSolutionNode = FALSE
	EndGlobalSection
EndGlobal
